{
  "name": "@flowness-labs/monorepo",
  "version": "0.2.0",
  "lockfileVersion": 3,
  "requires": true,
  "packages": {
    "": {
      "name": "@flowness-labs/monorepo",
      "version": "0.2.0",
      "license": "MIT",
      "workspaces": [
        "packages/*"
      ],
      "devDependencies": {
        "@types/node": "^22.15.3",
        "typescript": "^5.8.3"
      },
      "engines": {
        "node": ">=20"
      }
    },
    "node_modules/@flowness-labs/cli": {
      "resolved": "packages/cli",
      "link": true
    },
    "node_modules/@flowness-labs/config-system": {
      "resolved": "packages/config-system",
      "link": true
    },
    "node_modules/@flowness-labs/core": {
      "resolved": "packages/core",
      "link": true
    },
    "node_modules/@flowness-labs/decision-system": {
      "resolved": "packages/decision-system",
      "link": true
    },
    "node_modules/@flowness-labs/evidence-system": {
      "resolved": "packages/evidence-system",
      "link": true
    },
    "node_modules/@flowness-labs/issue-system": {
      "resolved": "packages/issue-system",
      "link": true
    },
    "node_modules/@flowness-labs/log-system": {
      "resolved": "packages/log-system",
      "link": true
    },
    "node_modules/@flowness-labs/review-system": {
      "resolved": "packages/review-system",
      "link": true
    },
    "node_modules/@flowness-labs/templates": {
      "resolved": "packages/templates",
      "link": true
    },
    "node_modules/@flowness-labs/workflow-engine": {
      "resolved": "packages/workflow-engine",
      "link": true
    },
    "node_modules/@types/node": {
      "version": "22.19.21",
      "resolved": "https://registry.npmjs.org/@types/node/-/node-22.19.21.tgz",
      "integrity": "sha512-VMeFBSCKQKmm2swI2kW51SFusDqekC6q9trBCvJ/JliDchFSuoYYKN7yVNjPthP1HKZcx3U1gI/wTcEBjEFKTA==",
      "dev": true,
      "license": "MIT",
      "dependencies": {
        "undici-types": "~6.21.0"
      }
    },
    "node_modules/typescript": {
      "version": "5.9.3",
      "resolved": "https://registry.npmjs.org/typescript/-/typescript-5.9.3.tgz",
      "integrity": "sha512-jl1vZzPDinLr9eUt3J/t7V6FgNEw9QjvBPdysz9KfQDD41fQrC2Y4vKQdiaUpFT4bXlb1RHhLpp8wtm6M5TgSw==",
      "dev": true,
      "license": "Apache-2.0",
      "bin": {
        "tsc": "bin/tsc",
        "tsserver": "bin/tsserver"
      },
      "engines": {
        "node": ">=14.17"
      }
    },
    "node_modules/undici-types": {
      "version": "6.21.0",
      "resolved": "https://registry.npmjs.org/undici-types/-/undici-types-6.21.0.tgz",
      "integrity": "sha512-iwDZqg0QAGrg9Rav5H4n0M64c3mkR59cJ6wQp+7C4nI0gsmExaedaYLNO44eT4AtBBwjbTiGPMlt2Md0T9H9JQ==",
      "dev": true,
      "license": "MIT"
    },
    "packages/cli": {
      "name": "@flowness-labs/cli",
      "version": "0.2.0",
      "license": "MIT",
      "dependencies": {
        "@flowness-labs/config-system": "^0.1.2",
        "@flowness-labs/core": "^0.1.2",
        "@flowness-labs/decision-system": "^0.1.2",
        "@flowness-labs/evidence-system": "^0.1.2",
        "@flowness-labs/issue-system": "^0.1.2",
        "@flowness-labs/log-system": "^0.1.2",
        "@flowness-labs/review-system": "^0.1.2",
        "@flowness-labs/workflow-engine": "^0.1.2"
      },
      "bin": {
        "flowness": "bin.js"
      }
    },
    "packages/cli/node_modules/@flowness-labs/config-system": {
      "version": "0.1.3",
      "resolved": "https://registry.npmjs.org/@flowness-labs/config-system/-/config-system-0.1.3.tgz",
      "integrity": "sha512-JQc6niYDd9+pYrv4VOpY2Lq3NlZ0qjjSTwVwIwRHL3uzH1xy6xfWWjeXVbsFzkxdZAiUVridjQ6x6D31nE9tQA==",
      "license": "MIT",
      "dependencies": {
        "@flowness-labs/core": "^0.1.2"
      }
    },
    "packages/cli/node_modules/@flowness-labs/core": {
      "version": "0.1.3",
      "resolved": "https://registry.npmjs.org/@flowness-labs/core/-/core-0.1.3.tgz",
      "integrity": "sha512-1J9pznx4CXROeugQXtHZwPpSoSrPi+Mov737mJMOo8993/ceqKfMHFINWG5NB5c8cQVOIDEOb2XI5rq16fWODw==",
      "license": "MIT"
    },
    "packages/cli/node_modules/@flowness-labs/decision-system": {
      "version": "0.1.3",
      "resolved": "https://registry.npmjs.org/@flowness-labs/decision-system/-/decision-system-0.1.3.tgz",
      "integrity": "sha512-S220Jt9eEohGLAlgDIwMqvqa6O1wPw1zelqhoB6/3Hg9Wc1i+R5++pXXb54sMMl+wcNR9uOhi2LfoQ5ZndLo3g==",
      "license": "MIT",
      "dependencies": {
        "@flowness-labs/core": "^0.1.2"
      }
    },
    "packages/cli/node_modules/@flowness-labs/evidence-system": {
      "version": "0.1.3",
      "resolved": "https://registry.npmjs.org/@flowness-labs/evidence-system/-/evidence-system-0.1.3.tgz",
      "integrity": "sha512-5HrZffV68F4Sl0bZhKKpgvnF6D9sZDXvNNDfRSjVm1aDF8SqFrPUVpCjLCrVyqgFxZlCkIH1hQGnFpWkWCmOIA==",
      "license": "MIT",
      "dependencies": {
        "@flowness-labs/core": "^0.1.2"
      }
    },
    "packages/cli/node_modules/@flowness-labs/issue-system": {
      "version": "0.1.3",
      "resolved": "https://registry.npmjs.org/@flowness-labs/issue-system/-/issue-system-0.1.3.tgz",
      "integrity": "sha512-1Y4kyCVrpdQF/wUN0fs9kW+O0UwyOJiWJFO4N6vBxW7iTrbn09mJf/sh5TVgNdqV50o+HMC3WPUtjoYoMHHPVQ==",
      "license": "MIT",
      "dependencies": {
        "@flowness-labs/core": "^0.1.2"
      }
    },
    "packages/cli/node_modules/@flowness-labs/log-system": {
      "version": "0.1.3",
      "resolved": "https://registry.npmjs.org/@flowness-labs/log-system/-/log-system-0.1.3.tgz",
      "integrity": "sha512-76Qma5fPYi1Qs49N36uDq51onnriLrdyj6m/M34raRl5sx/yWCH6Z/YEg+2PSZ5Cj0NBNUQ2gTsE/l+pO6Xsqw==",
      "license": "MIT",
      "dependencies": {
        "@flowness-labs/core": "^0.1.2"
      }
    },
    "packages/cli/node_modules/@flowness-labs/review-system": {
      "version": "0.1.3",
      "resolved": "https://registry.npmjs.org/@flowness-labs/review-system/-/review-system-0.1.3.tgz",
      "integrity": "sha512-f9LYRpe5lduJPTsNtz84lL+9kcLkJ03EAzUYOZCA7rur924qhgjSCCdzuVpwUNTjY2LRHAdrn2JWXqf+m4YhGQ==",
      "license": "MIT",
      "dependencies": {
        "@flowness-labs/core": "^0.1.2"
      }
    },
    "packages/cli/node_modules/@flowness-labs/workflow-engine": {
      "version": "0.1.3",
      "resolved": "https://registry.npmjs.org/@flowness-labs/workflow-engine/-/workflow-engine-0.1.3.tgz",
      "integrity": "sha512-WP7HxfLLVO71wgwWdbh/qA3j/4/L8Yk4xKwgE0zF2lAtjLS5ozS9N64od0duhwsriQzXl+fODQeC0Xx1FCgl4w==",
      "license": "MIT",
      "dependencies": {
        "@flowness-labs/core": "^0.1.2"
      }
    },
    "packages/config-system": {
      "name": "@flowness-labs/config-system",
      "version": "0.2.0",
      "license": "MIT",
      "dependencies": {
        "@flowness-labs/core": "^0.1.2"
      }
    },
    "packages/config-system/node_modules/@flowness-labs/core": {
      "version": "0.1.3",
      "resolved": "https://registry.npmjs.org/@flowness-labs/core/-/core-0.1.3.tgz",
      "integrity": "sha512-1J9pznx4CXROeugQXtHZwPpSoSrPi+Mov737mJMOo8993/ceqKfMHFINWG5NB5c8cQVOIDEOb2XI5rq16fWODw==",
      "license": "MIT"
    },
    "packages/core": {
      "name": "@flowness-labs/core",
      "version": "0.2.0",
      "license": "MIT"
    },
    "packages/decision-system": {
      "name": "@flowness-labs/decision-system",
      "version": "0.2.0",
      "license": "MIT",
      "dependencies": {
        "@flowness-labs/core": "^0.1.2"
      }
    },
    "packages/decision-system/node_modules/@flowness-labs/core": {
      "version": "0.1.3",
      "resolved": "https://registry.npmjs.org/@flowness-labs/core/-/core-0.1.3.tgz",
      "integrity": "sha512-1J9pznx4CXROeugQXtHZwPpSoSrPi+Mov737mJMOo8993/ceqKfMHFINWG5NB5c8cQVOIDEOb2XI5rq16fWODw==",
      "license": "MIT"
    },
    "packages/evidence-system": {
      "name": "@flowness-labs/evidence-system",
      "version": "0.2.0",
      "license": "MIT",
      "dependencies": {
        "@flowness-labs/core": "^0.1.2"
      }
    },
    "packages/evidence-system/node_modules/@flowness-labs/core": {
      "version": "0.1.3",
      "resolved": "https://registry.npmjs.org/@flowness-labs/core/-/core-0.1.3.tgz",
      "integrity": "sha512-1J9pznx4CXROeugQXtHZwPpSoSrPi+Mov737mJMOo8993/ceqKfMHFINWG5NB5c8cQVOIDEOb2XI5rq16fWODw==",
      "license": "MIT"
    },
    "packages/issue-system": {
      "name": "@flowness-labs/issue-system",
      "version": "0.2.0",
      "license": "MIT",
      "dependencies": {
        "@flowness-labs/core": "^0.1.2"
      }
    },
    "packages/issue-system/node_modules/@flowness-labs/core": {
      "version": "0.1.3",
      "resolved": "https://registry.npmjs.org/@flowness-labs/core/-/core-0.1.3.tgz",
      "integrity": "sha512-1J9pznx4CXROeugQXtHZwPpSoSrPi+Mov737mJMOo8993/ceqKfMHFINWG5NB5c8cQVOIDEOb2XI5rq16fWODw==",
      "license": "MIT"
    },
    "packages/log-system": {
      "name": "@flowness-labs/log-system",
      "version": "0.2.0",
      "license": "MIT",
      "dependencies": {
        "@flowness-labs/core": "^0.1.2"
      }
    },
    "packages/log-system/node_modules/@flowness-labs/core": {
      "version": "0.1.3",
      "resolved": "https://registry.npmjs.org/@flowness-labs/core/-/core-0.1.3.tgz",
      "integrity": "sha512-1J9pznx4CXROeugQXtHZwPpSoSrPi+Mov737mJMOo8993/ceqKfMHFINWG5NB5c8cQVOIDEOb2XI5rq16fWODw==",
      "license": "MIT"
    },
    "packages/review-system": {
      "name": "@flowness-labs/review-system",
      "version": "0.2.0",
      "license": "MIT",
      "dependencies": {
        "@flowness-labs/core": "^0.1.2"
      }
    },
    "packages/review-system/node_modules/@flowness-labs/core": {
      "version": "0.1.3",
      "resolved": "https://registry.npmjs.org/@flowness-labs/core/-/core-0.1.3.tgz",
      "integrity": "sha512-1J9pznx4CXROeugQXtHZwPpSoSrPi+Mov737mJMOo8993/ceqKfMHFINWG5NB5c8cQVOIDEOb2XI5rq16fWODw==",
      "license": "MIT"
    },
    "packages/templates": {
      "name": "@flowness-labs/templates",
      "version": "0.2.0",
      "license": "MIT",
      "dependencies": {
        "@flowness-labs/core": "^0.1.2"
      }
    },
    "packages/templates/node_modules/@flowness-labs/core": {
      "version": "0.1.3",
      "resolved": "https://registry.npmjs.org/@flowness-labs/core/-/core-0.1.3.tgz",
      "integrity": "sha512-1J9pznx4CXROeugQXtHZwPpSoSrPi+Mov737mJMOo8993/ceqKfMHFINWG5NB5c8cQVOIDEOb2XI5rq16fWODw==",
      "license": "MIT"
    },
    "packages/workflow-engine": {
      "name": "@flowness-labs/workflow-engine",
      "version": "0.2.0",
      "license": "MIT",
      "dependencies": {
        "@flowness-labs/core": "^0.1.2"
      }
    },
    "packages/workflow-engine/node_modules/@flowness-labs/core": {
      "version": "0.1.3",
      "resolved": "https://registry.npmjs.org/@flowness-labs/core/-/core-0.1.3.tgz",
      "integrity": "sha512-1J9pznx4CXROeugQXtHZwPpSoSrPi+Mov737mJMOo8993/ceqKfMHFINWG5NB5c8cQVOIDEOb2XI5rq16fWODw==",
      "license": "MIT"
    }
  }
}
