{
  "name": "@flowness-labs/monorepo",
  "version": "0.2.3",
  "lockfileVersion": 3,
  "requires": true,
  "packages": {
    "": {
      "name": "@flowness-labs/monorepo",
      "version": "0.2.3",
      "license": "MIT",
      "workspaces": [
        "packages/*"
      ],
      "devDependencies": {
        "@types/node": "^22.15.3",
        "typescript": "^5.8.3"
      },
      "engines": {
        "node": ">=20"
      }
    },
    "node_modules/@flowness-labs/cli": {
      "resolved": "packages/cli",
      "link": true
    },
    "node_modules/@flowness-labs/config-system": {
      "resolved": "packages/config-system",
      "link": true
    },
    "node_modules/@flowness-labs/core": {
      "resolved": "packages/core",
      "link": true
    },
    "node_modules/@flowness-labs/decision-system": {
      "resolved": "packages/decision-system",
      "link": true
    },
    "node_modules/@flowness-labs/evidence-system": {
      "resolved": "packages/evidence-system",
      "link": true
    },
    "node_modules/@flowness-labs/issue-system": {
      "resolved": "packages/issue-system",
      "link": true
    },
    "node_modules/@flowness-labs/log-system": {
      "resolved": "packages/log-system",
      "link": true
    },
    "node_modules/@flowness-labs/review-system": {
      "resolved": "packages/review-system",
      "link": true
    },
    "node_modules/@flowness-labs/templates": {
      "resolved": "packages/templates",
      "link": true
    },
    "node_modules/@flowness-labs/workflow-engine": {
      "resolved": "packages/workflow-engine",
      "link": true
    },
    "node_modules/@types/node": {
      "version": "22.19.21",
      "resolved": "https://registry.npmjs.org/@types/node/-/node-22.19.21.tgz",
      "integrity": "sha512-VMeFBSCKQKmm2swI2kW51SFusDqekC6q9trBCvJ/JliDchFSuoYYKN7yVNjPthP1HKZcx3U1gI/wTcEBjEFKTA==",
      "dev": true,
      "license": "MIT",
      "dependencies": {
        "undici-types": "~6.21.0"
      }
    },
    "node_modules/typescript": {
      "version": "5.9.3",
      "resolved": "https://registry.npmjs.org/typescript/-/typescript-5.9.3.tgz",
      "integrity": "sha512-jl1vZzPDinLr9eUt3J/t7V6FgNEw9QjvBPdysz9KfQDD41fQrC2Y4vKQdiaUpFT4bXlb1RHhLpp8wtm6M5TgSw==",
      "license": "Apache-2.0",
      "bin": {
        "tsc": "bin/tsc",
        "tsserver": "bin/tsserver"
      },
      "engines": {
        "node": ">=14.17"
      }
    },
    "node_modules/undici-types": {
      "version": "6.21.0",
      "resolved": "https://registry.npmjs.org/undici-types/-/undici-types-6.21.0.tgz",
      "integrity": "sha512-iwDZqg0QAGrg9Rav5H4n0M64c3mkR59cJ6wQp+7C4nI0gsmExaedaYLNO44eT4AtBBwjbTiGPMlt2Md0T9H9JQ==",
      "dev": true,
      "license": "MIT"
    },
    "packages/cli": {
      "name": "@flowness-labs/cli",
      "version": "0.2.3",
      "license": "MIT",
      "dependencies": {
        "@flowness-labs/config-system": "^0.2.3",
        "@flowness-labs/core": "^0.2.3",
        "@flowness-labs/decision-system": "^0.2.3",
        "@flowness-labs/evidence-system": "^0.2.3",
        "@flowness-labs/issue-system": "^0.2.3",
        "@flowness-labs/log-system": "^0.2.3",
        "@flowness-labs/review-system": "^0.2.3",
        "@flowness-labs/workflow-engine": "^0.2.3"
      },
      "bin": {
        "flowness": "bin.js"
      }
    },
    "packages/config-system": {
      "name": "@flowness-labs/config-system",
      "version": "0.2.3",
      "license": "MIT",
      "dependencies": {
        "@flowness-labs/core": "^0.2.3"
      }
    },
    "packages/core": {
      "name": "@flowness-labs/core",
      "version": "0.2.3",
      "license": "MIT"
    },
    "packages/decision-system": {
      "name": "@flowness-labs/decision-system",
      "version": "0.2.3",
      "license": "MIT",
      "dependencies": {
        "@flowness-labs/core": "^0.2.3"
      }
    },
    "packages/evidence-system": {
      "name": "@flowness-labs/evidence-system",
      "version": "0.2.3",
      "license": "MIT",
      "dependencies": {
        "@flowness-labs/core": "^0.2.3"
      }
    },
    "packages/issue-system": {
      "name": "@flowness-labs/issue-system",
      "version": "0.2.3",
      "license": "MIT",
      "dependencies": {
        "@flowness-labs/core": "^0.2.3"
      }
    },
    "packages/log-system": {
      "name": "@flowness-labs/log-system",
      "version": "0.2.3",
      "license": "MIT",
      "dependencies": {
        "@flowness-labs/core": "^0.2.3"
      }
    },
    "packages/review-system": {
      "name": "@flowness-labs/review-system",
      "version": "0.2.3",
      "license": "MIT",
      "dependencies": {
        "@flowness-labs/core": "^0.2.3"
      }
    },
    "packages/templates": {
      "name": "@flowness-labs/templates",
      "version": "0.2.3",
      "license": "MIT",
      "dependencies": {
        "@flowness-labs/core": "^0.2.3"
      }
    },
    "packages/workflow-engine": {
      "name": "@flowness-labs/workflow-engine",
      "version": "0.2.3",
      "license": "MIT",
      "dependencies": {
        "@flowness-labs/core": "^0.2.3",
        "typescript": "^5.8.3"
      }
    }
  }
}
